
Microsoft Visual Studio Solution File, Format Version 12.00
# Visual Studio Version 17
VisualStudioVersion = 17.6.33723.286
MinimumVisualStudioVersion = 10.0.40219.1
Project("{9A19103F-16F7-4668-BE54-9A1E7A4F7556}") = "Task1", "AdventOfCode\Task1.csproj", "{3266F1D9-4B9A-4FA5-BFFB-F6406ECD983E}"
EndProject
Project("{9A19103F-16F7-4668-BE54-9A1E7A4F7556}") = "TestCases", "TestCases\TestCases.csproj", "{A64F2869-800F-4F91-9485-BA73687EC6B9}"
EndProject
Project("{FAE04EC0-301F-11D3-BF4B-00C04F79EFBC}") = "Task2", "Task2\Task2.csproj", "{B1905758-775A-442B-8929-FEB66C15CA3E}"
EndProject
Global
	GlobalSection(SolutionConfigurationPlatforms) = preSolution
		Debug|Any CPU = Debug|Any CPU
		Release|Any CPU = Release|Any CPU
	EndGlobalSection
	GlobalSection(ProjectConfigurationPlatforms) = postSolution
		{3266F1D9-4B9A-4FA5-BFFB-F6406ECD983E}.Debug|Any CPU.ActiveCfg = Debug|Any CPU
		{3266F1D9-4B9A-4FA5-BFFB-F6406ECD983E}.Debug|Any CPU.Build.0 = Debug|Any CPU
		{3266F1D9-4B9A-4FA5-BFFB-F6406ECD983E}.Release|Any CPU.ActiveCfg = Release|Any CPU
		{3266F1D9-4B9A-4FA5-BFFB-F6406ECD983E}.Release|Any CPU.Build.0 = Release|Any CPU
		{A64F2869-800F-4F91-9485-BA73687EC6B9}.Debug|Any CPU.ActiveCfg = Debug|Any CPU
		{A64F2869-800F-4F91-9485-BA73687EC6B9}.Debug|Any CPU.Build.0 = Debug|Any CPU
		{A64F2869-800F-4F91-9485-BA73687EC6B9}.Release|Any CPU.ActiveCfg = Release|Any CPU
		{A64F2869-800F-4F91-9485-BA73687EC6B9}.Release|Any CPU.Build.0 = Release|Any CPU
		{B1905758-775A-442B-8929-FEB66C15CA3E}.Debug|Any CPU.ActiveCfg = Debug|Any CPU
		{B1905758-775A-442B-8929-FEB66C15CA3E}.Debug|Any CPU.Build.0 = Debug|Any CPU
		{B1905758-775A-442B-8929-FEB66C15CA3E}.Release|Any CPU.ActiveCfg = Release|Any CPU
		{B1905758-775A-442B-8929-FEB66C15CA3E}.Release|Any CPU.Build.0 = Release|Any CPU
	EndGlobalSection
	GlobalSection(SolutionProperties) = preSolution
		HideSolutionNode = FALSE
	EndGlobalSection
	GlobalSection(ExtensibilityGlobals) = postSolution
		SolutionGuid = {EC13FE65-A6DE-4D04-B711-933E37E5B0ED}
	EndGlobalSection
EndGlobal
